// !$*UTF8*$!
{
	archiveVersion = 1;
	classes = {
	};
	objectVersion = 46;
	objects = {

/* Begin PBXBuildFile section */
		4F21921C1DD36CD000D2ABFC /* main.m in Sources */ = {isa = PBXBuildFile; fileRef = 4F21921B1DD36CD000D2ABFC /* main.m */; };
		4F2192271DD36CD000D2ABFC /* Assets.xcassets in Resources */ = {isa = PBXBuildFile; fileRef = 4F2192261DD36CD000D2ABFC /* Assets.xcassets */; };
		4F2192391DD36E1900D2ABFC /* AppDelegate.m in Sources */ = {isa = PBXBuildFile; fileRef = 4F2192381DD36E1900D2ABFC /* AppDelegate.m */; };
		4F21923C1DD36E6900D2ABFC /* HHMainVC.m in Sources */ = {isa = PBXBuildFile; fileRef = 4F21923B1DD36E6900D2ABFC /* HHMainVC.m */; };
		4F21923F1DD36EA300D2ABFC /* HHMainNavVC.m in Sources */ = {isa = PBXBuildFile; fileRef = 4F21923E1DD36EA300D2ABFC /* HHMainNavVC.m */; };
		4F25FACD1E72E5F400E80326 /* Launch Screen.storyboard in Resources */ = {isa = PBXBuildFile; fileRef = 4F25FACC1E72E5F400E80326 /* Launch Screen.storyboard */; };
		4F54A0741E782AB4001A7BF2 /* NSString+HHHash.m in Sources */ = {isa = PBXBuildFile; fileRef = 4F54A0731E782AB4001A7BF2 /* NSString+HHHash.m */; };
		4F63680A1DD604DA0018BA48 /* ZOItem.m in Sources */ = {isa = PBXBuildFile; fileRef = 4F6368091DD604DA0018BA48 /* ZOItem.m */; };
		4F65D3401E795376002C4555 /* MBProgressHUD+HHExtension.m in Sources */ = {isa = PBXBuildFile; fileRef = 4F65D33F1E795376002C4555 /* MBProgressHUD+HHExtension.m */; };
		4F65D3451E795BFD002C4555 /* HHInternationalizationVC.m in Sources */ = {isa = PBXBuildFile; fileRef = 4F65D3441E795BFD002C4555 /* HHInternationalizationVC.m */; };
		4F65D3491E795C7C002C4555 /* HHLanguageVC.m in Sources */ = {isa = PBXBuildFile; fileRef = 4F65D3471E795C7C002C4555 /* HHLanguageVC.m */; };
		4F65D34A1E795C7C002C4555 /* HHLanguageVC.xib in Resources */ = {isa = PBXBuildFile; fileRef = 4F65D3481E795C7C002C4555 /* HHLanguageVC.xib */; };
		4F65D34D1E797539002C4555 /* UIColor+HHExtend.m in Sources */ = {isa = PBXBuildFile; fileRef = 4F65D34C1E797539002C4555 /* UIColor+HHExtend.m */; };
		4F65D3501E797745002C4555 /* Localizable.strings in Resources */ = {isa = PBXBuildFile; fileRef = 4F65D3521E797745002C4555 /* Localizable.strings */; };
		4F65D35B1E7978DD002C4555 /* HHLanguageTool.m in Sources */ = {isa = PBXBuildFile; fileRef = 4F65D35A1E7978DD002C4555 /* HHLanguageTool.m */; };
		4F65D36F1E7992F0002C4555 /* HHLoopView.m in Sources */ = {isa = PBXBuildFile; fileRef = 4F65D36E1E7992F0002C4555 /* HHLoopView.m */; };
		4F65D3731E79945D002C4555 /* HHCustomUIVC.m in Sources */ = {isa = PBXBuildFile; fileRef = 4F65D3711E79945D002C4555 /* HHCustomUIVC.m */; };
		4F65D3741E79945D002C4555 /* HHCustomUIVC.xib in Resources */ = {isa = PBXBuildFile; fileRef = 4F65D3721E79945D002C4555 /* HHCustomUIVC.xib */; };
		8822510C798D6C48CBE93BF8 /* Pods_HHDemo.framework in Frameworks */ = {isa = PBXBuildFile; fileRef = 1ACEB90893C35FF4D9392C91 /* Pods_HHDemo.framework */; };
		DA0FEAC11E79195D00E542B3 /* HHVC.m in Sources */ = {isa = PBXBuildFile; fileRef = DA0FEAC01E79195D00E542B3 /* HHVC.m */; };
		DA0FEADA1E79319300E542B3 /* HHAnimationVC.m in Sources */ = {isa = PBXBuildFile; fileRef = DA0FEAC91E79319300E542B3 /* HHAnimationVC.m */; };
		DA0FEADB1E79319300E542B3 /* HHDownLoadVC.m in Sources */ = {isa = PBXBuildFile; fileRef = DA0FEACD1E79319300E542B3 /* HHDownLoadVC.m */; };
		DA0FEADC1E79319300E542B3 /* HHDownLoadVC.xib in Resources */ = {isa = PBXBuildFile; fileRef = DA0FEACE1E79319300E542B3 /* HHDownLoadVC.xib */; };
		DA0FEADD1E79319300E542B3 /* HHDownLoadManager.m in Sources */ = {isa = PBXBuildFile; fileRef = DA0FEAD11E79319300E542B3 /* HHDownLoadManager.m */; };
		DA0FEADE1E79319300E542B3 /* HHEncodedVC.m in Sources */ = {isa = PBXBuildFile; fileRef = DA0FEAD51E79319300E542B3 /* HHEncodedVC.m */; };
		DA0FEADF1E79319300E542B3 /* HHMVVMViewController.m in Sources */ = {isa = PBXBuildFile; fileRef = DA0FEAD91E79319300E542B3 /* HHMVVMViewController.m */; };
		DA0FEAE21E79345E00E542B3 /* UIView+HHExtension.m in Sources */ = {isa = PBXBuildFile; fileRef = DA0FEAE11E79345E00E542B3 /* UIView+HHExtension.m */; };
		DA0FEAE51E79389B00E542B3 /* UIApplication+HHExtension.m in Sources */ = {isa = PBXBuildFile; fileRef = DA0FEAE41E79389B00E542B3 /* UIApplication+HHExtension.m */; };
		DA0FEAE81E793DD800E542B3 /* UIViewController+HHExtension.m in Sources */ = {isa = PBXBuildFile; fileRef = DA0FEAE71E793DD800E542B3 /* UIViewController+HHExtension.m */; };
		DA0FEAEF1E793E5400E542B3 /* HHHookTool.m in Sources */ = {isa = PBXBuildFile; fileRef = DA0FEAEE1E793E5400E542B3 /* HHHookTool.m */; };
		DA0FEAF21E79412700E542B3 /* UITableView+HHExtension.m in Sources */ = {isa = PBXBuildFile; fileRef = DA0FEAF11E79412700E542B3 /* UITableView+HHExtension.m */; };
/* End PBXBuildFile section */

/* Begin PBXFileReference section */
		1ACEB90893C35FF4D9392C91 /* Pods_HHDemo.framework */ = {isa = PBXFileReference; explicitFileType = wrapper.framework; includeInIndex = 0; path = Pods_HHDemo.framework; sourceTree = BUILT_PRODUCTS_DIR; };
		373FA64C8B3F2DED0D33C7C4 /* Pods-HHDemo.debug.xcconfig */ = {isa = PBXFileReference; includeInIndex = 1; lastKnownFileType = text.xcconfig; name = "Pods-HHDemo.debug.xcconfig"; path = "Pods/Target Support Files/Pods-HHDemo/Pods-HHDemo.debug.xcconfig"; sourceTree = "<group>"; };
		4F2192171DD36CD000D2ABFC /* HHDemo.app */ = {isa = PBXFileReference; explicitFileType = wrapper.application; includeInIndex = 0; path = HHDemo.app; sourceTree = BUILT_PRODUCTS_DIR; };
		4F21921B1DD36CD000D2ABFC /* main.m */ = {isa = PBXFileReference; lastKnownFileType = sourcecode.c.objc; path = main.m; sourceTree = "<group>"; };
		4F2192261DD36CD000D2ABFC /* Assets.xcassets */ = {isa = PBXFileReference; lastKnownFileType = folder.assetcatalog; path = Assets.xcassets; sourceTree = "<group>"; };
		4F21922B1DD36CD000D2ABFC /* Info.plist */ = {isa = PBXFileReference; lastKnownFileType = text.plist.xml; path = Info.plist; sourceTree = "<group>"; };
		4F2192371DD36E1900D2ABFC /* AppDelegate.h */ = {isa = PBXFileReference; fileEncoding = 4; lastKnownFileType = sourcecode.c.h; path = AppDelegate.h; sourceTree = "<group>"; };
		4F2192381DD36E1900D2ABFC /* AppDelegate.m */ = {isa = PBXFileReference; fileEncoding = 4; lastKnownFileType = sourcecode.c.objc; path = AppDelegate.m; sourceTree = "<group>"; };
		4F21923A1DD36E6900D2ABFC /* HHMainVC.h */ = {isa = PBXFileReference; fileEncoding = 4; lastKnownFileType = sourcecode.c.h; path = HHMainVC.h; sourceTree = "<group>"; };
		4F21923B1DD36E6900D2ABFC /* HHMainVC.m */ = {isa = PBXFileReference; fileEncoding = 4; lastKnownFileType = sourcecode.c.objc; path = HHMainVC.m; sourceTree = "<group>"; };
		4F21923D1DD36EA300D2ABFC /* HHMainNavVC.h */ = {isa = PBXFileReference; fileEncoding = 4; lastKnownFileType = sourcecode.c.h; path = HHMainNavVC.h; sourceTree = "<group>"; };
		4F21923E1DD36EA300D2ABFC /* HHMainNavVC.m */ = {isa = PBXFileReference; fileEncoding = 4; lastKnownFileType = sourcecode.c.objc; path = HHMainNavVC.m; sourceTree = "<group>"; };
		4F2192411DD37E0700D2ABFC /* PrefixHeader.pch */ = {isa = PBXFileReference; fileEncoding = 4; lastKnownFileType = sourcecode.c.h; path = PrefixHeader.pch; sourceTree = "<group>"; };
		4F25FACC1E72E5F400E80326 /* Launch Screen.storyboard */ = {isa = PBXFileReference; fileEncoding = 4; lastKnownFileType = file.storyboard; path = "Launch Screen.storyboard"; sourceTree = "<group>"; };
		4F54A0721E782AB4001A7BF2 /* NSString+HHHash.h */ = {isa = PBXFileReference; fileEncoding = 4; lastKnownFileType = sourcecode.c.h; path = "NSString+HHHash.h"; sourceTree = "<group>"; };
		4F54A0731E782AB4001A7BF2 /* NSString+HHHash.m */ = {isa = PBXFileReference; fileEncoding = 4; lastKnownFileType = sourcecode.c.objc; path = "NSString+HHHash.m"; sourceTree = "<group>"; };
		4F54A0761E7830C0001A7BF2 /* Constant.h */ = {isa = PBXFileReference; fileEncoding = 4; lastKnownFileType = sourcecode.c.h; path = Constant.h; sourceTree = "<group>"; };
		4F6368081DD604DA0018BA48 /* ZOItem.h */ = {isa = PBXFileReference; fileEncoding = 4; lastKnownFileType = sourcecode.c.h; path = ZOItem.h; sourceTree = "<group>"; };
		4F6368091DD604DA0018BA48 /* ZOItem.m */ = {isa = PBXFileReference; fileEncoding = 4; lastKnownFileType = sourcecode.c.objc; path = ZOItem.m; sourceTree = "<group>"; };
		4F65D33E1E795376002C4555 /* MBProgressHUD+HHExtension.h */ = {isa = PBXFileReference; fileEncoding = 4; lastKnownFileType = sourcecode.c.h; path = "MBProgressHUD+HHExtension.h"; sourceTree = "<group>"; };
		4F65D33F1E795376002C4555 /* MBProgressHUD+HHExtension.m */ = {isa = PBXFileReference; fileEncoding = 4; lastKnownFileType = sourcecode.c.objc; path = "MBProgressHUD+HHExtension.m"; sourceTree = "<group>"; };
		4F65D3431E795BFD002C4555 /* HHInternationalizationVC.h */ = {isa = PBXFileReference; fileEncoding = 4; lastKnownFileType = sourcecode.c.h; path = HHInternationalizationVC.h; sourceTree = "<group>"; };
		4F65D3441E795BFD002C4555 /* HHInternationalizationVC.m */ = {isa = PBXFileReference; fileEncoding = 4; lastKnownFileType = sourcecode.c.objc; path = HHInternationalizationVC.m; sourceTree = "<group>"; };
		4F65D3461E795C7C002C4555 /* HHLanguageVC.h */ = {isa = PBXFileReference; fileEncoding = 4; lastKnownFileType = sourcecode.c.h; path = HHLanguageVC.h; sourceTree = "<group>"; };
		4F65D3471E795C7C002C4555 /* HHLanguageVC.m */ = {isa = PBXFileReference; fileEncoding = 4; lastKnownFileType = sourcecode.c.objc; path = HHLanguageVC.m; sourceTree = "<group>"; };
		4F65D3481E795C7C002C4555 /* HHLanguageVC.xib */ = {isa = PBXFileReference; fileEncoding = 4; lastKnownFileType = file.xib; path = HHLanguageVC.xib; sourceTree = "<group>"; };
		4F65D34B1E797539002C4555 /* UIColor+HHExtend.h */ = {isa = PBXFileReference; fileEncoding = 4; lastKnownFileType = sourcecode.c.h; path = "UIColor+HHExtend.h"; sourceTree = "<group>"; };
		4F65D34C1E797539002C4555 /* UIColor+HHExtend.m */ = {isa = PBXFileReference; fileEncoding = 4; lastKnownFileType = sourcecode.c.objc; path = "UIColor+HHExtend.m"; sourceTree = "<group>"; };
		4F65D3511E797745002C4555 /* en */ = {isa = PBXFileReference; lastKnownFileType = text.plist.strings; name = en; path = en.lproj/Localizable.strings; sourceTree = "<group>"; };
		4F65D3531E79774F002C4555 /* zh-Hans */ = {isa = PBXFileReference; lastKnownFileType = text.plist.strings; name = "zh-Hans"; path = "zh-Hans.lproj/Localizable.strings"; sourceTree = "<group>"; };
		4F65D3541E79776E002C4555 /* fr */ = {isa = PBXFileReference; lastKnownFileType = text.plist.strings; name = fr; path = fr.lproj/Localizable.strings; sourceTree = "<group>"; };
		4F65D3551E797772002C4555 /* ja */ = {isa = PBXFileReference; lastKnownFileType = text.plist.strings; name = ja; path = ja.lproj/Localizable.strings; sourceTree = "<group>"; };
		4F65D3561E797782002C4555 /* ko */ = {isa = PBXFileReference; lastKnownFileType = text.plist.strings; name = ko; path = ko.lproj/Localizable.strings; sourceTree = "<group>"; };
		4F65D3571E79779F002C4555 /* zh-Hant */ = {isa = PBXFileReference; lastKnownFileType = text.plist.strings; name = "zh-Hant"; path = "zh-Hant.lproj/Localizable.strings"; sourceTree = "<group>"; };
		4F65D3581E7977B4002C4555 /* zh-Hant-TW */ = {isa = PBXFileReference; lastKnownFileType = text.plist.strings; name = "zh-Hant-TW"; path = "zh-Hant-TW.lproj/Localizable.strings"; sourceTree = "<group>"; };
		4F65D3591E7978DD002C4555 /* HHLanguageTool.h */ = {isa = PBXFileReference; fileEncoding = 4; lastKnownFileType = sourcecode.c.h; path = HHLanguageTool.h; sourceTree = "<group>"; };
		4F65D35A1E7978DD002C4555 /* HHLanguageTool.m */ = {isa = PBXFileReference; fileEncoding = 4; lastKnownFileType = sourcecode.c.objc; path = HHLanguageTool.m; sourceTree = "<group>"; };
		4F65D36D1E7992F0002C4555 /* HHLoopView.h */ = {isa = PBXFileReference; fileEncoding = 4; lastKnownFileType = sourcecode.c.h; path = HHLoopView.h; sourceTree = "<group>"; };
		4F65D36E1E7992F0002C4555 /* HHLoopView.m */ = {isa = PBXFileReference; fileEncoding = 4; lastKnownFileType = sourcecode.c.objc; path = HHLoopView.m; sourceTree = "<group>"; };
		4F65D3701E79945D002C4555 /* HHCustomUIVC.h */ = {isa = PBXFileReference; fileEncoding = 4; lastKnownFileType = sourcecode.c.h; path = HHCustomUIVC.h; sourceTree = "<group>"; };
		4F65D3711E79945D002C4555 /* HHCustomUIVC.m */ = {isa = PBXFileReference; fileEncoding = 4; lastKnownFileType = sourcecode.c.objc; path = HHCustomUIVC.m; sourceTree = "<group>"; };
		4F65D3721E79945D002C4555 /* HHCustomUIVC.xib */ = {isa = PBXFileReference; fileEncoding = 4; lastKnownFileType = file.xib; path = HHCustomUIVC.xib; sourceTree = "<group>"; };
		60902F94830BAEA292468BB1 /* Pods-HHDemo.release.xcconfig */ = {isa = PBXFileReference; includeInIndex = 1; lastKnownFileType = text.xcconfig; name = "Pods-HHDemo.release.xcconfig"; path = "Pods/Target Support Files/Pods-HHDemo/Pods-HHDemo.release.xcconfig"; sourceTree = "<group>"; };
		DA0FEABF1E79195D00E542B3 /* HHVC.h */ = {isa = PBXFileReference; fileEncoding = 4; lastKnownFileType = sourcecode.c.h; path = HHVC.h; sourceTree = "<group>"; };
		DA0FEAC01E79195D00E542B3 /* HHVC.m */ = {isa = PBXFileReference; fileEncoding = 4; lastKnownFileType = sourcecode.c.objc; path = HHVC.m; sourceTree = "<group>"; };
		DA0FEAC81E79319300E542B3 /* HHAnimationVC.h */ = {isa = PBXFileReference; fileEncoding = 4; lastKnownFileType = sourcecode.c.h; path = HHAnimationVC.h; sourceTree = "<group>"; };
		DA0FEAC91E79319300E542B3 /* HHAnimationVC.m */ = {isa = PBXFileReference; fileEncoding = 4; lastKnownFileType = sourcecode.c.objc; path = HHAnimationVC.m; sourceTree = "<group>"; };
		DA0FEACC1E79319300E542B3 /* HHDownLoadVC.h */ = {isa = PBXFileReference; fileEncoding = 4; lastKnownFileType = sourcecode.c.h; path = HHDownLoadVC.h; sourceTree = "<group>"; };
		DA0FEACD1E79319300E542B3 /* HHDownLoadVC.m */ = {isa = PBXFileReference; fileEncoding = 4; lastKnownFileType = sourcecode.c.objc; path = HHDownLoadVC.m; sourceTree = "<group>"; };
		DA0FEACE1E79319300E542B3 /* HHDownLoadVC.xib */ = {isa = PBXFileReference; fileEncoding = 4; lastKnownFileType = file.xib; path = HHDownLoadVC.xib; sourceTree = "<group>"; };
		DA0FEAD01E79319300E542B3 /* HHDownLoadManager.h */ = {isa = PBXFileReference; fileEncoding = 4; lastKnownFileType = sourcecode.c.h; path = HHDownLoadManager.h; sourceTree = "<group>"; };
		DA0FEAD11E79319300E542B3 /* HHDownLoadManager.m */ = {isa = PBXFileReference; fileEncoding = 4; lastKnownFileType = sourcecode.c.objc; path = HHDownLoadManager.m; sourceTree = "<group>"; };
		DA0FEAD41E79319300E542B3 /* HHEncodedVC.h */ = {isa = PBXFileReference; fileEncoding = 4; lastKnownFileType = sourcecode.c.h; path = HHEncodedVC.h; sourceTree = "<group>"; };
		DA0FEAD51E79319300E542B3 /* HHEncodedVC.m */ = {isa = PBXFileReference; fileEncoding = 4; lastKnownFileType = sourcecode.c.objc; path = HHEncodedVC.m; sourceTree = "<group>"; };
		DA0FEAD81E79319300E542B3 /* HHMVVMViewController.h */ = {isa = PBXFileReference; fileEncoding = 4; lastKnownFileType = sourcecode.c.h; path = HHMVVMViewController.h; sourceTree = "<group>"; };
		DA0FEAD91E79319300E542B3 /* HHMVVMViewController.m */ = {isa = PBXFileReference; fileEncoding = 4; lastKnownFileType = sourcecode.c.objc; path = HHMVVMViewController.m; sourceTree = "<group>"; };
		DA0FEAE01E79345E00E542B3 /* UIView+HHExtension.h */ = {isa = PBXFileReference; fileEncoding = 4; lastKnownFileType = sourcecode.c.h; path = "UIView+HHExtension.h"; sourceTree = "<group>"; };
		DA0FEAE11E79345E00E542B3 /* UIView+HHExtension.m */ = {isa = PBXFileReference; fileEncoding = 4; lastKnownFileType = sourcecode.c.objc; path = "UIView+HHExtension.m"; sourceTree = "<group>"; };
		DA0FEAE31E79389B00E542B3 /* UIApplication+HHExtension.h */ = {isa = PBXFileReference; fileEncoding = 4; lastKnownFileType = sourcecode.c.h; path = "UIApplication+HHExtension.h"; sourceTree = "<group>"; };
		DA0FEAE41E79389B00E542B3 /* UIApplication+HHExtension.m */ = {isa = PBXFileReference; fileEncoding = 4; lastKnownFileType = sourcecode.c.objc; path = "UIApplication+HHExtension.m"; sourceTree = "<group>"; };
		DA0FEAE61E793DD800E542B3 /* UIViewController+HHExtension.h */ = {isa = PBXFileReference; fileEncoding = 4; lastKnownFileType = sourcecode.c.h; path = "UIViewController+HHExtension.h"; sourceTree = "<group>"; };
		DA0FEAE71E793DD800E542B3 /* UIViewController+HHExtension.m */ = {isa = PBXFileReference; fileEncoding = 4; lastKnownFileType = sourcecode.c.objc; path = "UIViewController+HHExtension.m"; sourceTree = "<group>"; };
		DA0FEAED1E793E5400E542B3 /* HHHookTool.h */ = {isa = PBXFileReference; fileEncoding = 4; lastKnownFileType = sourcecode.c.h; path = HHHookTool.h; sourceTree = "<group>"; };
		DA0FEAEE1E793E5400E542B3 /* HHHookTool.m */ = {isa = PBXFileReference; fileEncoding = 4; lastKnownFileType = sourcecode.c.objc; path = HHHookTool.m; sourceTree = "<group>"; };
		DA0FEAF01E79412700E542B3 /* UITableView+HHExtension.h */ = {isa = PBXFileReference; fileEncoding = 4; lastKnownFileType = sourcecode.c.h; path = "UITableView+HHExtension.h"; sourceTree = "<group>"; };
		DA0FEAF11E79412700E542B3 /* UITableView+HHExtension.m */ = {isa = PBXFileReference; fileEncoding = 4; lastKnownFileType = sourcecode.c.objc; path = "UITableView+HHExtension.m"; sourceTree = "<group>"; };
/* End PBXFileReference section */

/* Begin PBXFrameworksBuildPhase section */
		4F2192141DD36CCF00D2ABFC /* Frameworks */ = {
			isa = PBXFrameworksBuildPhase;
			buildActionMask = 2147483647;
			files = (
				8822510C798D6C48CBE93BF8 /* Pods_HHDemo.framework in Frameworks */,
			);
			runOnlyForDeploymentPostprocessing = 0;
		};
/* End PBXFrameworksBuildPhase section */

/* Begin PBXGroup section */
		4F21920E1DD36CCF00D2ABFC = {
			isa = PBXGroup;
			children = (
				4F2192191DD36CD000D2ABFC /* HHDemo */,
				4F2192181DD36CD000D2ABFC /* Products */,
				69143FD78132CC0BB1DBB312 /* Pods */,
				8D1D613CEA673C78281F59AF /* Frameworks */,
			);
			sourceTree = "<group>";
		};
		4F2192181DD36CD000D2ABFC /* Products */ = {
			isa = PBXGroup;
			children = (
				4F2192171DD36CD000D2ABFC /* HHDemo.app */,
			);
			name = Products;
			sourceTree = "<group>";
		};
		4F2192191DD36CD000D2ABFC /* HHDemo */ = {
			isa = PBXGroup;
			children = (
				4F2192311DD36DC000D2ABFC /* Classes */,
				4F21921A1DD36CD000D2ABFC /* Supporting Files */,
			);
			path = HHDemo;
			sourceTree = "<group>";
		};
		4F21921A1DD36CD000D2ABFC /* Supporting Files */ = {
			isa = PBXGroup;
			children = (
				4F2192411DD37E0700D2ABFC /* PrefixHeader.pch */,
				4F2192261DD36CD000D2ABFC /* Assets.xcassets */,
				4F21922B1DD36CD000D2ABFC /* Info.plist */,
				4F21921B1DD36CD000D2ABFC /* main.m */,
				4F25FACC1E72E5F400E80326 /* Launch Screen.storyboard */,
				4F65D3521E797745002C4555 /* Localizable.strings */,
			);
			name = "Supporting Files";
			sourceTree = "<group>";
		};
		4F2192311DD36DC000D2ABFC /* Classes */ = {
			isa = PBXGroup;
			children = (
				4F2192371DD36E1900D2ABFC /* AppDelegate.h */,
				4F2192381DD36E1900D2ABFC /* AppDelegate.m */,
				DA0FEAC51E79319300E542B3 /* Modules */,
				4F54A0751E7830B3001A7BF2 /* Config */,
				4F54A06E1E782A69001A7BF2 /* Category */,
				DA0FEAE91E793E0C00E542B3 /* Tools */,
				4F2192321DD36DC000D2ABFC /* Main */,
			);
			path = Classes;
			sourceTree = "<group>";
		};
		4F2192321DD36DC000D2ABFC /* Main */ = {
			isa = PBXGroup;
			children = (
				4F6368071DD604C10018BA48 /* Model */,
				4F2192331DD36DC000D2ABFC /* Controller */,
			);
			path = Main;
			sourceTree = "<group>";
		};
		4F2192331DD36DC000D2ABFC /* Controller */ = {
			isa = PBXGroup;
			children = (
				4F21923A1DD36E6900D2ABFC /* HHMainVC.h */,
				4F21923B1DD36E6900D2ABFC /* HHMainVC.m */,
				4F21923D1DD36EA300D2ABFC /* HHMainNavVC.h */,
				4F21923E1DD36EA300D2ABFC /* HHMainNavVC.m */,
				DA0FEABF1E79195D00E542B3 /* HHVC.h */,
				DA0FEAC01E79195D00E542B3 /* HHVC.m */,
			);
			path = Controller;
			sourceTree = "<group>";
		};
		4F54A06E1E782A69001A7BF2 /* Category */ = {
			isa = PBXGroup;
			children = (
				4F54A0721E782AB4001A7BF2 /* NSString+HHHash.h */,
				4F54A0731E782AB4001A7BF2 /* NSString+HHHash.m */,
				DA0FEAE01E79345E00E542B3 /* UIView+HHExtension.h */,
				DA0FEAE11E79345E00E542B3 /* UIView+HHExtension.m */,
				DA0FEAE31E79389B00E542B3 /* UIApplication+HHExtension.h */,
				DA0FEAE41E79389B00E542B3 /* UIApplication+HHExtension.m */,
				DA0FEAE61E793DD800E542B3 /* UIViewController+HHExtension.h */,
				DA0FEAE71E793DD800E542B3 /* UIViewController+HHExtension.m */,
				DA0FEAF01E79412700E542B3 /* UITableView+HHExtension.h */,
				DA0FEAF11E79412700E542B3 /* UITableView+HHExtension.m */,
				4F65D33E1E795376002C4555 /* MBProgressHUD+HHExtension.h */,
				4F65D33F1E795376002C4555 /* MBProgressHUD+HHExtension.m */,
				4F65D34B1E797539002C4555 /* UIColor+HHExtend.h */,
				4F65D34C1E797539002C4555 /* UIColor+HHExtend.m */,
			);
			path = Category;
			sourceTree = "<group>";
		};
		4F54A0751E7830B3001A7BF2 /* Config */ = {
			isa = PBXGroup;
			children = (
				4F54A0761E7830C0001A7BF2 /* Constant.h */,
			);
			path = Config;
			sourceTree = "<group>";
		};
		4F6368071DD604C10018BA48 /* Model */ = {
			isa = PBXGroup;
			children = (
				4F6368081DD604DA0018BA48 /* ZOItem.h */,
				4F6368091DD604DA0018BA48 /* ZOItem.m */,
			);
			path = Model;
			sourceTree = "<group>";
		};
		4F65D3411E795BA9002C4555 /* Internationalization */ = {
			isa = PBXGroup;
			children = (
				4F65D3421E795BA9002C4555 /* Controller */,
			);
			path = Internationalization;
			sourceTree = "<group>";
		};
		4F65D3421E795BA9002C4555 /* Controller */ = {
			isa = PBXGroup;
			children = (
				4F65D3431E795BFD002C4555 /* HHInternationalizationVC.h */,
				4F65D3441E795BFD002C4555 /* HHInternationalizationVC.m */,
				4F65D3461E795C7C002C4555 /* HHLanguageVC.h */,
				4F65D3471E795C7C002C4555 /* HHLanguageVC.m */,
				4F65D3481E795C7C002C4555 /* HHLanguageVC.xib */,
			);
			path = Controller;
			sourceTree = "<group>";
		};
		4F65D3671E7991DA002C4555 /* Customer */ = {
			isa = PBXGroup;
			children = (
				4F65D36C1E7992D9002C4555 /* View */,
				4F65D3681E7991DA002C4555 /* Controller */,
			);
			path = Customer;
			sourceTree = "<group>";
		};
		4F65D3681E7991DA002C4555 /* Controller */ = {
			isa = PBXGroup;
			children = (
				4F65D3701E79945D002C4555 /* HHCustomUIVC.h */,
				4F65D3711E79945D002C4555 /* HHCustomUIVC.m */,
				4F65D3721E79945D002C4555 /* HHCustomUIVC.xib */,
			);
			path = Controller;
			sourceTree = "<group>";
		};
		4F65D36C1E7992D9002C4555 /* View */ = {
			isa = PBXGroup;
			children = (
				4F65D36D1E7992F0002C4555 /* HHLoopView.h */,
				4F65D36E1E7992F0002C4555 /* HHLoopView.m */,
			);
			path = View;
			sourceTree = "<group>";
		};
		69143FD78132CC0BB1DBB312 /* Pods */ = {
			isa = PBXGroup;
			children = (
				373FA64C8B3F2DED0D33C7C4 /* Pods-HHDemo.debug.xcconfig */,
				60902F94830BAEA292468BB1 /* Pods-HHDemo.release.xcconfig */,
			);
			name = Pods;
			sourceTree = "<group>";
		};
		8D1D613CEA673C78281F59AF /* Frameworks */ = {
			isa = PBXGroup;
			children = (
				1ACEB90893C35FF4D9392C91 /* Pods_HHDemo.framework */,
			);
			name = Frameworks;
			sourceTree = "<group>";
		};
		DA0FEAC51E79319300E542B3 /* Modules */ = {
			isa = PBXGroup;
			children = (
				4F65D3671E7991DA002C4555 /* Customer */,
				4F65D3411E795BA9002C4555 /* Internationalization */,
				DA0FEAC61E79319300E542B3 /* Animation */,
				DA0FEACA1E79319300E542B3 /* BreakpointResume */,
				DA0FEAD21E79319300E542B3 /* Encoded */,
				DA0FEAD61E79319300E542B3 /* MVVM */,
			);
			path = Modules;
			sourceTree = "<group>";
		};
		DA0FEAC61E79319300E542B3 /* Animation */ = {
			isa = PBXGroup;
			children = (
				DA0FEAC71E79319300E542B3 /* Controller */,
			);
			path = Animation;
			sourceTree = "<group>";
		};
		DA0FEAC71E79319300E542B3 /* Controller */ = {
			isa = PBXGroup;
			children = (
				DA0FEAC81E79319300E542B3 /* HHAnimationVC.h */,
				DA0FEAC91E79319300E542B3 /* HHAnimationVC.m */,
			);
			path = Controller;
			sourceTree = "<group>";
		};
		DA0FEACA1E79319300E542B3 /* BreakpointResume */ = {
			isa = PBXGroup;
			children = (
				DA0FEACB1E79319300E542B3 /* Controller */,
				DA0FEACF1E79319300E542B3 /* Tool */,
			);
			path = BreakpointResume;
			sourceTree = "<group>";
		};
		DA0FEACB1E79319300E542B3 /* Controller */ = {
			isa = PBXGroup;
			children = (
				DA0FEACC1E79319300E542B3 /* HHDownLoadVC.h */,
				DA0FEACD1E79319300E542B3 /* HHDownLoadVC.m */,
				DA0FEACE1E79319300E542B3 /* HHDownLoadVC.xib */,
			);
			path = Controller;
			sourceTree = "<group>";
		};
		DA0FEACF1E79319300E542B3 /* Tool */ = {
			isa = PBXGroup;
			children = (
				DA0FEAD01E79319300E542B3 /* HHDownLoadManager.h */,
				DA0FEAD11E79319300E542B3 /* HHDownLoadManager.m */,
			);
			path = Tool;
			sourceTree = "<group>";
		};
		DA0FEAD21E79319300E542B3 /* Encoded */ = {
			isa = PBXGroup;
			children = (
				DA0FEAD31E79319300E542B3 /* Controller */,
			);
			path = Encoded;
			sourceTree = "<group>";
		};
		DA0FEAD31E79319300E542B3 /* Controller */ = {
			isa = PBXGroup;
			children = (
				DA0FEAD41E79319300E542B3 /* HHEncodedVC.h */,
				DA0FEAD51E79319300E542B3 /* HHEncodedVC.m */,
			);
			path = Controller;
			sourceTree = "<group>";
		};
		DA0FEAD61E79319300E542B3 /* MVVM */ = {
			isa = PBXGroup;
			children = (
				DA0FEAD71E79319300E542B3 /* Controller */,
			);
			path = MVVM;
			sourceTree = "<group>";
		};
		DA0FEAD71E79319300E542B3 /* Controller */ = {
			isa = PBXGroup;
			children = (
				DA0FEAD81E79319300E542B3 /* HHMVVMViewController.h */,
				DA0FEAD91E79319300E542B3 /* HHMVVMViewController.m */,
			);
			path = Controller;
			sourceTree = "<group>";
		};
		DA0FEAE91E793E0C00E542B3 /* Tools */ = {
			isa = PBXGroup;
			children = (
				DA0FEAED1E793E5400E542B3 /* HHHookTool.h */,
				DA0FEAEE1E793E5400E542B3 /* HHHookTool.m */,
				4F65D3591E7978DD002C4555 /* HHLanguageTool.h */,
				4F65D35A1E7978DD002C4555 /* HHLanguageTool.m */,
			);
			path = Tools;
			sourceTree = "<group>";
		};
/* End PBXGroup section */

/* Begin PBXNativeTarget section */
		4F2192161DD36CCF00D2ABFC /* HHDemo */ = {
			isa = PBXNativeTarget;
			buildConfigurationList = 4F21922E1DD36CD000D2ABFC /* Build configuration list for PBXNativeTarget "HHDemo" */;
			buildPhases = (
				2061BCB7E751AB1E3BC8571B /* [CP] Check Pods Manifest.lock */,
				4F2192131DD36CCF00D2ABFC /* Sources */,
				4F2192141DD36CCF00D2ABFC /* Frameworks */,
				4F2192151DD36CCF00D2ABFC /* Resources */,
				AF870A0CBDA9BB61E8E02827 /* [CP] Embed Pods Frameworks */,
				64A0129D76BF1414CDDCA4E8 /* [CP] Copy Pods Resources */,
			);
			buildRules = (
			);
			dependencies = (
			);
			name = HHDemo;
			productName = HHDemo;
			productReference = 4F2192171DD36CD000D2ABFC /* HHDemo.app */;
			productType = "com.apple.product-type.application";
		};
/* End PBXNativeTarget section */

/* Begin PBXProject section */
		4F21920F1DD36CCF00D2ABFC /* Project object */ = {
			isa = PBXProject;
			attributes = {
				LastUpgradeCheck = 0820;
				ORGANIZATIONNAME = "黄花菜";
				TargetAttributes = {
					4F2192161DD36CCF00D2ABFC = {
						CreatedOnToolsVersion = 8.0;
						DevelopmentTeam = H5XHGCCSHA;
						ProvisioningStyle = Automatic;
					};
				};
			};
			buildConfigurationList = 4F2192121DD36CCF00D2ABFC /* Build configuration list for PBXProject "HHDemo" */;
			compatibilityVersion = "Xcode 3.2";
			developmentRegion = English;
			hasScannedForEncodings = 0;
			knownRegions = (
				en,
				Base,
				"zh-Hans",
				fr,
				ja,
				ko,
				"zh-Hant",
				"zh-Hant-TW",
			);
			mainGroup = 4F21920E1DD36CCF00D2ABFC;
			productRefGroup = 4F2192181DD36CD000D2ABFC /* Products */;
			projectDirPath = "";
			projectRoot = "";
			targets = (
				4F2192161DD36CCF00D2ABFC /* HHDemo */,
			);
		};
/* End PBXProject section */

/* Begin PBXResourcesBuildPhase section */
		4F2192151DD36CCF00D2ABFC /* Resources */ = {
			isa = PBXResourcesBuildPhase;
			buildActionMask = 2147483647;
			files = (
				4F65D3501E797745002C4555 /* Localizable.strings in Resources */,
				4F25FACD1E72E5F400E80326 /* Launch Screen.storyboard in Resources */,
				4F2192271DD36CD000D2ABFC /* Assets.xcassets in Resources */,
				4F65D3741E79945D002C4555 /* HHCustomUIVC.xib in Resources */,
				4F65D34A1E795C7C002C4555 /* HHLanguageVC.xib in Resources */,
				DA0FEADC1E79319300E542B3 /* HHDownLoadVC.xib in Resources */,
			);
			runOnlyForDeploymentPostprocessing = 0;
		};
/* End PBXResourcesBuildPhase section */

/* Begin PBXShellScriptBuildPhase section */
		2061BCB7E751AB1E3BC8571B /* [CP] Check Pods Manifest.lock */ = {
			isa = PBXShellScriptBuildPhase;
			buildActionMask = 2147483647;
			files = (
			);
			inputPaths = (
			);
			name = "[CP] Check Pods Manifest.lock";
			outputPaths = (
			);
			runOnlyForDeploymentPostprocessing = 0;
			shellPath = /bin/sh;
			shellScript = "diff \"${PODS_ROOT}/../Podfile.lock\" \"${PODS_ROOT}/Manifest.lock\" > /dev/null\nif [ $? != 0 ] ; then\n    # print error to STDERR\n    echo \"error: The sandbox is not in sync with the Podfile.lock. Run 'pod install' or update your CocoaPods installation.\" >&2\n    exit 1\nfi\n";
			showEnvVarsInLog = 0;
		};
		64A0129D76BF1414CDDCA4E8 /* [CP] Copy Pods Resources */ = {
			isa = PBXShellScriptBuildPhase;
			buildActionMask = 2147483647;
			files = (
			);
			inputPaths = (
			);
			name = "[CP] Copy Pods Resources";
			outputPaths = (
			);
			runOnlyForDeploymentPostprocessing = 0;
			shellPath = /bin/sh;
			shellScript = "\"${SRCROOT}/Pods/Target Support Files/Pods-HHDemo/Pods-HHDemo-resources.sh\"\n";
			showEnvVarsInLog = 0;
		};
		AF870A0CBDA9BB61E8E02827 /* [CP] Embed Pods Frameworks */ = {
			isa = PBXShellScriptBuildPhase;
			buildActionMask = 2147483647;
			files = (
			);
			inputPaths = (
			);
			name = "[CP] Embed Pods Frameworks";
			outputPaths = (
			);
			runOnlyForDeploymentPostprocessing = 0;
			shellPath = /bin/sh;
			shellScript = "\"${SRCROOT}/Pods/Target Support Files/Pods-HHDemo/Pods-HHDemo-frameworks.sh\"\n";
			showEnvVarsInLog = 0;
		};
/* End PBXShellScriptBuildPhase section */

/* Begin PBXSourcesBuildPhase section */
		4F2192131DD36CCF00D2ABFC /* Sources */ = {
			isa = PBXSourcesBuildPhase;
			buildActionMask = 2147483647;
			files = (
				4F65D34D1E797539002C4555 /* UIColor+HHExtend.m in Sources */,
				DA0FEADA1E79319300E542B3 /* HHAnimationVC.m in Sources */,
				4F2192391DD36E1900D2ABFC /* AppDelegate.m in Sources */,
				4F65D3731E79945D002C4555 /* HHCustomUIVC.m in Sources */,
				4F65D3491E795C7C002C4555 /* HHLanguageVC.m in Sources */,
				DA0FEAE81E793DD800E542B3 /* UIViewController+HHExtension.m in Sources */,
				DA0FEADE1E79319300E542B3 /* HHEncodedVC.m in Sources */,
				4F21923C1DD36E6900D2ABFC /* HHMainVC.m in Sources */,
				4F21921C1DD36CD000D2ABFC /* main.m in Sources */,
				4F54A0741E782AB4001A7BF2 /* NSString+HHHash.m in Sources */,
				4F65D3451E795BFD002C4555 /* HHInternationalizationVC.m in Sources */,
				DA0FEADF1E79319300E542B3 /* HHMVVMViewController.m in Sources */,
				DA0FEAEF1E793E5400E542B3 /* HHHookTool.m in Sources */,
				DA0FEADD1E79319300E542B3 /* HHDownLoadManager.m in Sources */,
				DA0FEAF21E79412700E542B3 /* UITableView+HHExtension.m in Sources */,
				4F21923F1DD36EA300D2ABFC /* HHMainNavVC.m in Sources */,
				DA0FEAC11E79195D00E542B3 /* HHVC.m in Sources */,
				DA0FEAE51E79389B00E542B3 /* UIApplication+HHExtension.m in Sources */,
				DA0FEAE21E79345E00E542B3 /* UIView+HHExtension.m in Sources */,
				4F65D3401E795376002C4555 /* MBProgressHUD+HHExtension.m in Sources */,
				4F65D36F1E7992F0002C4555 /* HHLoopView.m in Sources */,
				4F65D35B1E7978DD002C4555 /* HHLanguageTool.m in Sources */,
				DA0FEADB1E79319300E542B3 /* HHDownLoadVC.m in Sources */,
				4F63680A1DD604DA0018BA48 /* ZOItem.m in Sources */,
			);
			runOnlyForDeploymentPostprocessing = 0;
		};
/* End PBXSourcesBuildPhase section */

/* Begin PBXVariantGroup section */
		4F65D3521E797745002C4555 /* Localizable.strings */ = {
			isa = PBXVariantGroup;
			children = (
				4F65D3511E797745002C4555 /* en */,
				4F65D3531E79774F002C4555 /* zh-Hans */,
				4F65D3541E79776E002C4555 /* fr */,
				4F65D3551E797772002C4555 /* ja */,
				4F65D3561E797782002C4555 /* ko */,
				4F65D3571E79779F002C4555 /* zh-Hant */,
				4F65D3581E7977B4002C4555 /* zh-Hant-TW */,
			);
			name = Localizable.strings;
			sourceTree = "<group>";
		};
/* End PBXVariantGroup section */

/* Begin XCBuildConfiguration section */
		4F21922C1DD36CD000D2ABFC /* Debug */ = {
			isa = XCBuildConfiguration;
			buildSettings = {
				ALWAYS_SEARCH_USER_PATHS = NO;
				CLANG_ANALYZER_LOCALIZABILITY_NONLOCALIZED = YES;
				CLANG_ANALYZER_NONNULL = YES;
				CLANG_CXX_LANGUAGE_STANDARD = "gnu++0x";
				CLANG_CXX_LIBRARY = "libc++";
				CLANG_ENABLE_MODULES = YES;
				CLANG_ENABLE_OBJC_ARC = YES;
				CLANG_WARN_BOOL_CONVERSION = YES;
				CLANG_WARN_CONSTANT_CONVERSION = YES;
				CLANG_WARN_DIRECT_OBJC_ISA_USAGE = YES_ERROR;
				CLANG_WARN_DOCUMENTATION_COMMENTS = YES;
				CLANG_WARN_EMPTY_BODY = YES;
				CLANG_WARN_ENUM_CONVERSION = YES;
				CLANG_WARN_INFINITE_RECURSION = YES;
				CLANG_WARN_INT_CONVERSION = YES;
				CLANG_WARN_OBJC_ROOT_CLASS = YES_ERROR;
				CLANG_WARN_SUSPICIOUS_MOVE = YES;
				CLANG_WARN_SUSPICIOUS_MOVES = YES;
				CLANG_WARN_UNREACHABLE_CODE = YES;
				CLANG_WARN__DUPLICATE_METHOD_MATCH = YES;
				"CODE_SIGN_IDENTITY[sdk=iphoneos*]" = "iPhone Developer";
				COPY_PHASE_STRIP = NO;
				DEBUG_INFORMATION_FORMAT = dwarf;
				ENABLE_STRICT_OBJC_MSGSEND = YES;
				ENABLE_TESTABILITY = YES;
				GCC_C_LANGUAGE_STANDARD = gnu99;
				GCC_DYNAMIC_NO_PIC = NO;
				GCC_NO_COMMON_BLOCKS = YES;
				GCC_OPTIMIZATION_LEVEL = 0;
				GCC_PREPROCESSOR_DEFINITIONS = (
					"DEBUG=1",
					"$(inherited)",
				);
				GCC_WARN_64_TO_32_BIT_CONVERSION = YES;
				GCC_WARN_ABOUT_RETURN_TYPE = YES_ERROR;
				GCC_WARN_UNDECLARED_SELECTOR = YES;
				GCC_WARN_UNINITIALIZED_AUTOS = YES_AGGRESSIVE;
				GCC_WARN_UNUSED_FUNCTION = YES;
				GCC_WARN_UNUSED_VARIABLE = YES;
				IPHONEOS_DEPLOYMENT_TARGET = 10.0;
				MTL_ENABLE_DEBUG_INFO = YES;
				ONLY_ACTIVE_ARCH = YES;
				SDKROOT = iphoneos;
			};
			name = Debug;
		};
		4F21922D1DD36CD000D2ABFC /* Release */ = {
			isa = XCBuildConfiguration;
			buildSettings = {
				ALWAYS_SEARCH_USER_PATHS = NO;
				CLANG_ANALYZER_LOCALIZABILITY_NONLOCALIZED = YES;
				CLANG_ANALYZER_NONNULL = YES;
				CLANG_CXX_LANGUAGE_STANDARD = "gnu++0x";
				CLANG_CXX_LIBRARY = "libc++";
				CLANG_ENABLE_MODULES = YES;
				CLANG_ENABLE_OBJC_ARC = YES;
				CLANG_WARN_BOOL_CONVERSION = YES;
				CLANG_WARN_CONSTANT_CONVERSION = YES;
				CLANG_WARN_DIRECT_OBJC_ISA_USAGE = YES_ERROR;
				CLANG_WARN_DOCUMENTATION_COMMENTS = YES;
				CLANG_WARN_EMPTY_BODY = YES;
				CLANG_WARN_ENUM_CONVERSION = YES;
				CLANG_WARN_INFINITE_RECURSION = YES;
				CLANG_WARN_INT_CONVERSION = YES;
				CLANG_WARN_OBJC_ROOT_CLASS = YES_ERROR;
				CLANG_WARN_SUSPICIOUS_MOVE = YES;
				CLANG_WARN_SUSPICIOUS_MOVES = YES;
				CLANG_WARN_UNREACHABLE_CODE = YES;
				CLANG_WARN__DUPLICATE_METHOD_MATCH = YES;
				"CODE_SIGN_IDENTITY[sdk=iphoneos*]" = "iPhone Developer";
				COPY_PHASE_STRIP = NO;
				DEBUG_INFORMATION_FORMAT = "dwarf-with-dsym";
				ENABLE_NS_ASSERTIONS = NO;
				ENABLE_STRICT_OBJC_MSGSEND = YES;
				GCC_C_LANGUAGE_STANDARD = gnu99;
				GCC_NO_COMMON_BLOCKS = YES;
				GCC_WARN_64_TO_32_BIT_CONVERSION = YES;
				GCC_WARN_ABOUT_RETURN_TYPE = YES_ERROR;
				GCC_WARN_UNDECLARED_SELECTOR = YES;
				GCC_WARN_UNINITIALIZED_AUTOS = YES_AGGRESSIVE;
				GCC_WARN_UNUSED_FUNCTION = YES;
				GCC_WARN_UNUSED_VARIABLE = YES;
				IPHONEOS_DEPLOYMENT_TARGET = 10.0;
				MTL_ENABLE_DEBUG_INFO = NO;
				SDKROOT = iphoneos;
				VALIDATE_PRODUCT = YES;
			};
			name = Release;
		};
		4F21922F1DD36CD000D2ABFC /* Debug */ = {
			isa = XCBuildConfiguration;
			baseConfigurationReference = 373FA64C8B3F2DED0D33C7C4 /* Pods-HHDemo.debug.xcconfig */;
			buildSettings = {
				ASSETCATALOG_COMPILER_APPICON_NAME = AppIcon;
				DEVELOPMENT_TEAM = H5XHGCCSHA;
				GCC_PRECOMPILE_PREFIX_HEADER = YES;
				GCC_PREFIX_HEADER = HHDemo/PrefixHeader.pch;
				INFOPLIST_FILE = HHDemo/Info.plist;
				IPHONEOS_DEPLOYMENT_TARGET = 8.0;
				LD_RUNPATH_SEARCH_PATHS = "$(inherited) @executable_path/Frameworks";
				PRODUCT_BUNDLE_IDENTIFIER = com.huanghuacai.HHDemo;
				PRODUCT_NAME = "$(TARGET_NAME)";
			};
			name = Debug;
		};
		4F2192301DD36CD000D2ABFC /* Release */ = {
			isa = XCBuildConfiguration;
			baseConfigurationReference = 60902F94830BAEA292468BB1 /* Pods-HHDemo.release.xcconfig */;
			buildSettings = {
				ASSETCATALOG_COMPILER_APPICON_NAME = AppIcon;
				DEVELOPMENT_TEAM = H5XHGCCSHA;
				GCC_PRECOMPILE_PREFIX_HEADER = YES;
				GCC_PREFIX_HEADER = HHDemo/PrefixHeader.pch;
				INFOPLIST_FILE = HHDemo/Info.plist;
				IPHONEOS_DEPLOYMENT_TARGET = 8.0;
				LD_RUNPATH_SEARCH_PATHS = "$(inherited) @executable_path/Frameworks";
				PRODUCT_BUNDLE_IDENTIFIER = com.huanghuacai.HHDemo;
				PRODUCT_NAME = "$(TARGET_NAME)";
			};
			name = Release;
		};
/* End XCBuildConfiguration section */

/* Begin XCConfigurationList section */
		4F2192121DD36CCF00D2ABFC /* Build configuration list for PBXProject "HHDemo" */ = {
			isa = XCConfigurationList;
			buildConfigurations = (
				4F21922C1DD36CD000D2ABFC /* Debug */,
				4F21922D1DD36CD000D2ABFC /* Release */,
			);
			defaultConfigurationIsVisible = 0;
			defaultConfigurationName = Release;
		};
		4F21922E1DD36CD000D2ABFC /* Build configuration list for PBXNativeTarget "HHDemo" */ = {
			isa = XCConfigurationList;
			buildConfigurations = (
				4F21922F1DD36CD000D2ABFC /* Debug */,
				4F2192301DD36CD000D2ABFC /* Release */,
			);
			defaultConfigurationIsVisible = 0;
			defaultConfigurationName = Release;
		};
/* End XCConfigurationList section */
	};
	rootObject = 4F21920F1DD36CCF00D2ABFC /* Project object */;
}
